
Microsoft Visual Studio Solution File, Format Version 12.00
Project("{2150E333-8FDC-42A3-9474-1A3956D46DE8}") = "Azure", "Azure", "{02CCF279-95FE-4EBA-AC4A-11939157DEFF}"
EndProject
Project("{2150E333-8FDC-42A3-9474-1A3956D46DE8}") = "Common", "Common", "{4433C91C-F0E0-4253-8A11-6FD838813BDA}"
EndProject
Project("{2150E333-8FDC-42A3-9474-1A3956D46DE8}") = "Consoles", "Consoles", "{669670AB-6D2E-4C8A-99F4-F7D0296A2598}"
EndProject
Project("{2150E333-8FDC-42A3-9474-1A3956D46DE8}") = "CustomApis", "CustomApis", "{C9942E63-07A2-43CA-9AA9-5FEBFC414CAD}"
EndProject
Project("{2150E333-8FDC-42A3-9474-1A3956D46DE8}") = "Plugins", "Plugins", "{72925942-1108-4754-B968-7CE2449BA24B}"
EndProject
Project("{2150E333-8FDC-42A3-9474-1A3956D46DE8}") = "Tests", "Tests", "{05FD7067-9642-4C5C-B665-B0B74E5CA566}"
EndProject
Project("{2150E333-8FDC-42A3-9474-1A3956D46DE8}") = "Web", "Web", "{35657F0F-0428-4F65-A3FE-E4150231CDEF}"
EndProject
Project("{FAE04EC0-301F-11D3-BF4B-00C04F79EFBC}") = "LSS.D365.CE.Web", "Src\Web\LSS.D365.CE.Web\LSS.D365.CE.Web.csproj", "{90A062D6-B57A-4C92-B90A-6DFED5DE14EC}"
EndProject
Project("{FAE04EC0-301F-11D3-BF4B-00C04F79EFBC}") = "LSS.D365.CE.Common", "Src\Common\LSS.D365.CE.Common\LSS.D365.CE.Common.csproj", "{4585AC68-EF4B-4BB5-9012-01C58A0AA92E}"
EndProject
Project("{FAE04EC0-301F-11D3-BF4B-00C04F79EFBC}") = "LSS.D365.CE.DataAccess", "Src\Common\LSS.D365.CE.DataAccess\LSS.D365.CE.DataAccess.csproj", "{0256146C-3A79-4F0B-92E9-56EE5DB5583E}"
EndProject
Project("{FAE04EC0-301F-11D3-BF4B-00C04F79EFBC}") = "LSS.D365.CE.Services", "Src\Common\LSS.D365.CE.Services\LSS.D365.CE.Services.csproj", "{91E5DAE5-AAED-445A-B2AE-710F8446C16D}"
EndProject
Project("{FAE04EC0-301F-11D3-BF4B-00C04F79EFBC}") = "LSS.D365.CE.Models", "Src\Common\LSS.D365.CE.Models\LSS.D365.CE.Models.csproj", "{C8F3BBFD-2191-485B-AB03-41C26088D2F4}"
EndProject
Project("{FAE04EC0-301F-11D3-BF4B-00C04F79EFBC}") = "LSS.D365.CE.Tests", "Tests\LSS.D365.CE.Tests\LSS.D365.CE.Tests.csproj", "{1CDA2F65-4FA5-475B-9EEC-C74F157B2818}"
EndProject
Project("{2150E333-8FDC-42A3-9474-1A3956D46DE8}") = "LogicApps", "LogicApps", "{B5EC7CA7-267E-4D4A-9B18-EFD2186BEA18}"
EndProject
Project("{2150E333-8FDC-42A3-9474-1A3956D46DE8}") = "LSSIntegrations-SBNS", "LSSIntegrations-SBNS", "{18436639-A620-47D7-A7DB-3CA95FC0532D}"
EndProject
Project("{FAE04EC0-301F-11D3-BF4B-00C04F79EFBC}") = "RSM.Integrations.Dataverse.Plugins.ServiceBus", "Src\Plugins\RSM.Integrations.Dataverse.Plugins.ServiceBus\RSM.Integrations.Dataverse.Plugins.ServiceBus.csproj", "{6703EFA0-F35B-45EF-A26D-BA701E38AF6A}"
EndProject
Project("{FAE04EC0-301F-11D3-BF4B-00C04F79EFBC}") = "LSS.Xrm.CustomApis.ServiceAgreementDetailRecalc", "Src\CustomApis\LSS.Xrm.CustomApis.ServiceAgreementDetailRecalc\LSS.Xrm.CustomApis.ServiceAgreementDetailRecalc.csproj", "{F94C46A0-660F-4FA6-AE6A-16314242536D}"
EndProject
Global
	GlobalSection(SolutionConfigurationPlatforms) = preSolution
		Debug|Any CPU = Debug|Any CPU
		Release|Any CPU = Release|Any CPU
	EndGlobalSection
	GlobalSection(NestedProjects) = preSolution
		{90A062D6-B57A-4C92-B90A-6DFED5DE14EC} = {35657F0F-0428-4F65-A3FE-E4150231CDEF}
		{4585AC68-EF4B-4BB5-9012-01C58A0AA92E} = {4433C91C-F0E0-4253-8A11-6FD838813BDA}
		{0256146C-3A79-4F0B-92E9-56EE5DB5583E} = {4433C91C-F0E0-4253-8A11-6FD838813BDA}
		{91E5DAE5-AAED-445A-B2AE-710F8446C16D} = {4433C91C-F0E0-4253-8A11-6FD838813BDA}
		{C8F3BBFD-2191-485B-AB03-41C26088D2F4} = {4433C91C-F0E0-4253-8A11-6FD838813BDA}
		{1CDA2F65-4FA5-475B-9EEC-C74F157B2818} = {05FD7067-9642-4C5C-B665-B0B74E5CA566}
		{B5EC7CA7-267E-4D4A-9B18-EFD2186BEA18} = {02CCF279-95FE-4EBA-AC4A-11939157DEFF}
		{18436639-A620-47D7-A7DB-3CA95FC0532D} = {B5EC7CA7-267E-4D4A-9B18-EFD2186BEA18}
		{6703EFA0-F35B-45EF-A26D-BA701E38AF6A} = {72925942-1108-4754-B968-7CE2449BA24B}
		{F94C46A0-660F-4FA6-AE6A-16314242536D} = {C9942E63-07A2-43CA-9AA9-5FEBFC414CAD}
	EndGlobalSection
	GlobalSection(ProjectConfigurationPlatforms) = postSolution
		{90A062D6-B57A-4C92-B90A-6DFED5DE14EC}.Debug|Any CPU.ActiveCfg = Debug|Any CPU
		{90A062D6-B57A-4C92-B90A-6DFED5DE14EC}.Debug|Any CPU.Build.0 = Debug|Any CPU
		{90A062D6-B57A-4C92-B90A-6DFED5DE14EC}.Release|Any CPU.ActiveCfg = Release|Any CPU
		{90A062D6-B57A-4C92-B90A-6DFED5DE14EC}.Release|Any CPU.Build.0 = Release|Any CPU
		{4585AC68-EF4B-4BB5-9012-01C58A0AA92E}.Debug|Any CPU.ActiveCfg = Debug|Any CPU
		{4585AC68-EF4B-4BB5-9012-01C58A0AA92E}.Debug|Any CPU.Build.0 = Debug|Any CPU
		{4585AC68-EF4B-4BB5-9012-01C58A0AA92E}.Release|Any CPU.ActiveCfg = Release|Any CPU
		{4585AC68-EF4B-4BB5-9012-01C58A0AA92E}.Release|Any CPU.Build.0 = Release|Any CPU
		{0256146C-3A79-4F0B-92E9-56EE5DB5583E}.Debug|Any CPU.ActiveCfg = Debug|Any CPU
		{0256146C-3A79-4F0B-92E9-56EE5DB5583E}.Debug|Any CPU.Build.0 = Debug|Any CPU
		{0256146C-3A79-4F0B-92E9-56EE5DB5583E}.Release|Any CPU.ActiveCfg = Release|Any CPU
		{0256146C-3A79-4F0B-92E9-56EE5DB5583E}.Release|Any CPU.Build.0 = Release|Any CPU
		{91E5DAE5-AAED-445A-B2AE-710F8446C16D}.Debug|Any CPU.ActiveCfg = Debug|Any CPU
		{91E5DAE5-AAED-445A-B2AE-710F8446C16D}.Debug|Any CPU.Build.0 = Debug|Any CPU
		{91E5DAE5-AAED-445A-B2AE-710F8446C16D}.Release|Any CPU.ActiveCfg = Release|Any CPU
		{91E5DAE5-AAED-445A-B2AE-710F8446C16D}.Release|Any CPU.Build.0 = Release|Any CPU
		{C8F3BBFD-2191-485B-AB03-41C26088D2F4}.Debug|Any CPU.ActiveCfg = Debug|Any CPU
		{C8F3BBFD-2191-485B-AB03-41C26088D2F4}.Debug|Any CPU.Build.0 = Debug|Any CPU
		{C8F3BBFD-2191-485B-AB03-41C26088D2F4}.Release|Any CPU.ActiveCfg = Release|Any CPU
		{C8F3BBFD-2191-485B-AB03-41C26088D2F4}.Release|Any CPU.Build.0 = Release|Any CPU
		{1CDA2F65-4FA5-475B-9EEC-C74F157B2818}.Debug|Any CPU.ActiveCfg = Debug|Any CPU
		{1CDA2F65-4FA5-475B-9EEC-C74F157B2818}.Debug|Any CPU.Build.0 = Debug|Any CPU
		{1CDA2F65-4FA5-475B-9EEC-C74F157B2818}.Release|Any CPU.ActiveCfg = Release|Any CPU
		{1CDA2F65-4FA5-475B-9EEC-C74F157B2818}.Release|Any CPU.Build.0 = Release|Any CPU
		{6703EFA0-F35B-45EF-A26D-BA701E38AF6A}.Debug|Any CPU.ActiveCfg = Debug|Any CPU
		{6703EFA0-F35B-45EF-A26D-BA701E38AF6A}.Debug|Any CPU.Build.0 = Debug|Any CPU
		{6703EFA0-F35B-45EF-A26D-BA701E38AF6A}.Release|Any CPU.ActiveCfg = Release|Any CPU
		{6703EFA0-F35B-45EF-A26D-BA701E38AF6A}.Release|Any CPU.Build.0 = Release|Any CPU
		{F94C46A0-660F-4FA6-AE6A-16314242536D}.Debug|Any CPU.ActiveCfg = Debug|Any CPU
		{F94C46A0-660F-4FA6-AE6A-16314242536D}.Debug|Any CPU.Build.0 = Debug|Any CPU
		{F94C46A0-660F-4FA6-AE6A-16314242536D}.Release|Any CPU.ActiveCfg = Release|Any CPU
		{F94C46A0-660F-4FA6-AE6A-16314242536D}.Release|Any CPU.Build.0 = Release|Any CPU
	EndGlobalSection
EndGlobal
